
Microsoft Visual Studio Solution File, Format Version 12.00
# Visual Studio Version 17
VisualStudioVersion = 17.4.33103.184
MinimumVisualStudioVersion = 10.0.40219.1
Project("{FAE04EC0-301F-11D3-BF4B-00C04F79EFBC}") = "Create Node4j Database", "Create Node4j Database\Create Node4j Database.csproj", "{91979B22-9638-415F-8672-5200542D1087}"
EndProject
Global
	GlobalSection(SolutionConfigurationPlatforms) = preSolution
		Debug|Any CPU = Debug|Any CPU
		Release|Any CPU = Release|Any CPU
	EndGlobalSection
	GlobalSection(ProjectConfigurationPlatforms) = postSolution
		{91979B22-9638-415F-8672-5200542D1087}.Debug|Any CPU.ActiveCfg = Debug|Any CPU
		{91979B22-9638-415F-8672-5200542D1087}.Debug|Any CPU.Build.0 = Debug|Any CPU
		{91979B22-9638-415F-8672-5200542D1087}.Release|Any CPU.ActiveCfg = Release|Any CPU
		{91979B22-9638-415F-8672-5200542D1087}.Release|Any CPU.Build.0 = Release|Any CPU
	EndGlobalSection
	GlobalSection(SolutionProperties) = preSolution
		HideSolutionNode = FALSE
	EndGlobalSection
	GlobalSection(ExtensibilityGlobals) = postSolution
		SolutionGuid = {AD6F7557-17B3-4089-B2A2-934C67FB26F4}
	EndGlobalSection
EndGlobal
